# @generated by Move, please check-in and do not edit manually.

[move]
version = 2
manifest_digest = "D896DC2599B1B10DE5F244A029BBF2387BDC4C967D7F1C587E13636EABA51897"
deps_digest = "F8BBB0CCB2491CA29A3DF03D6F92277A4F3574266507ACD77214D37ECA3F3082"
dependencies = [
  { name = "AptosFramework" },
]

[[move.package]]
name = "AptosFramework"
source = { git = "https://github.com/aptos-labs/aptos-core.git", rev = "bbce0f188d7bef08218f1fc1f46bbd3676b5c74b", subdir = "aptos-move/framework/aptos-framework/" }

dependencies = [
  { name = "AptosStdlib" },
  { name = "MoveStdlib" },
]

[[move.package]]
name = "AptosStdlib"
source = { git = "https://github.com/aptos-labs/aptos-core.git", rev = "bbce0f188d7bef08218f1fc1f46bbd3676b5c74b", subdir = "aptos-move/framework/aptos-stdlib" }

dependencies = [
  { name = "MoveStdlib" },
]

[[move.package]]
name = "MoveStdlib"
source = { git = "https://github.com/aptos-labs/aptos-core.git", rev = "bbce0f188d7bef08218f1fc1f46bbd3676b5c74b", subdir = "aptos-move/framework/move-stdlib" }
